
Microsoft Visual Studio Solution File, Format Version 12.00
# Visual Studio Version 17
VisualStudioVersion = 17.11.35219.272
MinimumVisualStudioVersion = 10.0.40219.1
Project("{FAE04EC0-301F-11D3-BF4B-00C04F79EFBC}") = "BackEnd_Task", "BackEnd_Task\BackEnd_Task.csproj", "{4A2EF8C0-7E45-4A52-904F-6B73F02AADD9}"
EndProject
Project("{FAE04EC0-301F-11D3-BF4B-00C04F79EFBC}") = "Application", "Application\Application.csproj", "{30D93D04-D9B0-41B4-9A42-66CFD4BE989B}"
EndProject
Project("{FAE04EC0-301F-11D3-BF4B-00C04F79EFBC}") = "Domain", "Domain\Domain.csproj", "{1196E953-D81D-4443-A0D8-FFB1A4F63C9A}"
EndProject
Project("{FAE04EC0-301F-11D3-BF4B-00C04F79EFBC}") = "Infrastructure", "Infrastructure\Infrastructure.csproj", "{8A87BE8C-DCE8-417B-8851-527E7AC8C5A3}"
EndProject
Project("{E53339B2-1760-4266-BCC7-CA923CBCF16C}") = "docker-compose", "docker-compose.dcproj", "{02291645-498D-4D71-9A79-DB2D8AE9BC83}"
EndProject
Global
	GlobalSection(SolutionConfigurationPlatforms) = preSolution
		Debug|Any CPU = Debug|Any CPU
		Release|Any CPU = Release|Any CPU
	EndGlobalSection
	GlobalSection(ProjectConfigurationPlatforms) = postSolution
		{4A2EF8C0-7E45-4A52-904F-6B73F02AADD9}.Debug|Any CPU.ActiveCfg = Debug|Any CPU
		{4A2EF8C0-7E45-4A52-904F-6B73F02AADD9}.Debug|Any CPU.Build.0 = Debug|Any CPU
		{4A2EF8C0-7E45-4A52-904F-6B73F02AADD9}.Release|Any CPU.ActiveCfg = Release|Any CPU
		{4A2EF8C0-7E45-4A52-904F-6B73F02AADD9}.Release|Any CPU.Build.0 = Release|Any CPU
		{30D93D04-D9B0-41B4-9A42-66CFD4BE989B}.Debug|Any CPU.ActiveCfg = Debug|Any CPU
		{30D93D04-D9B0-41B4-9A42-66CFD4BE989B}.Debug|Any CPU.Build.0 = Debug|Any CPU
		{30D93D04-D9B0-41B4-9A42-66CFD4BE989B}.Release|Any CPU.ActiveCfg = Release|Any CPU
		{30D93D04-D9B0-41B4-9A42-66CFD4BE989B}.Release|Any CPU.Build.0 = Release|Any CPU
		{1196E953-D81D-4443-A0D8-FFB1A4F63C9A}.Debug|Any CPU.ActiveCfg = Debug|Any CPU
		{1196E953-D81D-4443-A0D8-FFB1A4F63C9A}.Debug|Any CPU.Build.0 = Debug|Any CPU
		{1196E953-D81D-4443-A0D8-FFB1A4F63C9A}.Release|Any CPU.ActiveCfg = Release|Any CPU
		{1196E953-D81D-4443-A0D8-FFB1A4F63C9A}.Release|Any CPU.Build.0 = Release|Any CPU
		{8A87BE8C-DCE8-417B-8851-527E7AC8C5A3}.Debug|Any CPU.ActiveCfg = Debug|Any CPU
		{8A87BE8C-DCE8-417B-8851-527E7AC8C5A3}.Debug|Any CPU.Build.0 = Debug|Any CPU
		{8A87BE8C-DCE8-417B-8851-527E7AC8C5A3}.Release|Any CPU.ActiveCfg = Release|Any CPU
		{8A87BE8C-DCE8-417B-8851-527E7AC8C5A3}.Release|Any CPU.Build.0 = Release|Any CPU
		{02291645-498D-4D71-9A79-DB2D8AE9BC83}.Debug|Any CPU.ActiveCfg = Debug|Any CPU
		{02291645-498D-4D71-9A79-DB2D8AE9BC83}.Debug|Any CPU.Build.0 = Debug|Any CPU
		{02291645-498D-4D71-9A79-DB2D8AE9BC83}.Release|Any CPU.ActiveCfg = Release|Any CPU
		{02291645-498D-4D71-9A79-DB2D8AE9BC83}.Release|Any CPU.Build.0 = Release|Any CPU
	EndGlobalSection
	GlobalSection(SolutionProperties) = preSolution
		HideSolutionNode = FALSE
	EndGlobalSection
	GlobalSection(ExtensibilityGlobals) = postSolution
		SolutionGuid = {2DD66760-CF50-4D74-8FEB-D18FD735ABDB}
	EndGlobalSection
EndGlobal
